
Microsoft Visual Studio Solution File, Format Version 12.00
# Visual Studio Version 17
VisualStudioVersion = 17.3.32819.101
MinimumVisualStudioVersion = 10.0.40219.1
Project("{FAE04EC0-301F-11D3-BF4B-00C04F79EFBC}") = "Petanee", "Petanee.csproj", "{ACC6A2E2-021D-4167-9716-79687589482F}"
EndProject
Global
	GlobalSection(SolutionConfigurationPlatforms) = preSolution
		Debug|Any CPU = Debug|Any CPU
		Release|Any CPU = Release|Any CPU
	EndGlobalSection
	GlobalSection(ProjectConfigurationPlatforms) = postSolution
		{ACC6A2E2-021D-4167-9716-79687589482F}.Debug|Any CPU.ActiveCfg = Debug|Any CPU
		{ACC6A2E2-021D-4167-9716-79687589482F}.Debug|Any CPU.Build.0 = Debug|Any CPU
		{ACC6A2E2-021D-4167-9716-79687589482F}.Release|Any CPU.ActiveCfg = Release|Any CPU
		{ACC6A2E2-021D-4167-9716-79687589482F}.Release|Any CPU.Build.0 = Release|Any CPU
	EndGlobalSection
	GlobalSection(SolutionProperties) = preSolution
		HideSolutionNode = FALSE
	EndGlobalSection
	GlobalSection(ExtensibilityGlobals) = postSolution
		SolutionGuid = {666F2564-9526-4E65-8A3B-41396C480882}
	EndGlobalSection
EndGlobal
